{
	"name": "@charmander/router",
	"version": "0.1.0",
	"lockfileVersion": 1,
	"requires": true,
	"dependencies": {
		"@charmander/eslint-config-base": {
			"version": "1.0.3",
			"resolved": "https://registry.npmjs.org/@charmander/eslint-config-base/-/eslint-config-base-1.0.3.tgz",
			"integrity": "sha512-tVHt7c7WnkqEzAPlJnATSWPs0C+6wQxBWlRE06QvXk1Bf8STLKdNhoZ8gbBqAOd3bobNJ+fjWdNR9GfkbyvOKA==",
			"dev": true
		},
		"@charmander/test": {
			"version": "0.3.0",
			"resolved": "https://registry.npmjs.org/@charmander/test/-/test-0.3.0.tgz",
			"integrity": "sha512-8JcI2vLxcGUBE1hZyYVBKPzxY3yhIieyjZCMOi/vPnC9DZ0T9uXcAchJm2r5nHLqxheMmHzlGVt9FKYJmYYoQQ==",
			"dev": true
		},
		"escape-string-regexp": {
			"version": "1.0.5",
			"resolved": "https://registry.npmjs.org/escape-string-regexp/-/escape-string-regexp-1.0.5.tgz",
			"integrity": "sha512-vbRorB5FUQWvla16U8R/qgaFIya2qGzwDrNmCZuYKrbdSUMG6I1ZCGQRefkRVhuOkIGVne7BQ35DSfo1qvJqFg=="
		},
		"reflect-type-3": {
			"version": "1.0.0",
			"resolved": "https://registry.npmjs.org/reflect-type-3/-/reflect-type-3-1.0.0.tgz",
			"integrity": "sha512-2viRwVYZhfFJwAWS8klGV0GSnFx83adwJH1e5Fz5FyOnwH9XjgDIWM3URU8lDK87CACLDNsYBES8tZgHy+BVug=="
		}
	}
}
